
Microsoft Visual Studio Solution File, Format Version 12.00
# Visual Studio Version 16
VisualStudioVersion = 16.0.31112.23
MinimumVisualStudioVersion = 10.0.40219.1
Project("{FAE04EC0-301F-11D3-BF4B-00C04F79EFBC}") = "ETech-Global-POC", "ETech-Global-POC\ETech-Global-POC.csproj", "{B4CF66D8-A64B-467E-951F-9CD40A000C96}"
EndProject
Global
	GlobalSection(SolutionConfigurationPlatforms) = preSolution
		Debug|Any CPU = Debug|Any CPU
		Release|Any CPU = Release|Any CPU
	EndGlobalSection
	GlobalSection(ProjectConfigurationPlatforms) = postSolution
		{B4CF66D8-A64B-467E-951F-9CD40A000C96}.Debug|Any CPU.ActiveCfg = Debug|Any CPU
		{B4CF66D8-A64B-467E-951F-9CD40A000C96}.Debug|Any CPU.Build.0 = Debug|Any CPU
		{B4CF66D8-A64B-467E-951F-9CD40A000C96}.Release|Any CPU.ActiveCfg = Release|Any CPU
		{B4CF66D8-A64B-467E-951F-9CD40A000C96}.Release|Any CPU.Build.0 = Release|Any CPU
	EndGlobalSection
	GlobalSection(SolutionProperties) = preSolution
		HideSolutionNode = FALSE
	EndGlobalSection
	GlobalSection(ExtensibilityGlobals) = postSolution
		SolutionGuid = {0B669568-F3FC-471B-924F-772B969F8487}
	EndGlobalSection
EndGlobal
